
Microsoft Visual Studio Solution File, Format Version 12.00
# Visual Studio Version 17
VisualStudioVersion = 17.5.002.0
MinimumVisualStudioVersion = 10.0.40219.1
Project("{9A19103F-16F7-4668-BE54-9A1E7A4F7556}") = "AirlinesAPI.Tests", "AirlinesAPI.Tests.csproj", "{6C2165E4-3D92-4577-923C-9C9C085B2589}"
EndProject
Global
	GlobalSection(SolutionConfigurationPlatforms) = preSolution
		Debug|Any CPU = Debug|Any CPU
		Release|Any CPU = Release|Any CPU
	EndGlobalSection
	GlobalSection(ProjectConfigurationPlatforms) = postSolution
		{6C2165E4-3D92-4577-923C-9C9C085B2589}.Debug|Any CPU.ActiveCfg = Debug|Any CPU
		{6C2165E4-3D92-4577-923C-9C9C085B2589}.Debug|Any CPU.Build.0 = Debug|Any CPU
		{6C2165E4-3D92-4577-923C-9C9C085B2589}.Release|Any CPU.ActiveCfg = Release|Any CPU
		{6C2165E4-3D92-4577-923C-9C9C085B2589}.Release|Any CPU.Build.0 = Release|Any CPU
	EndGlobalSection
	GlobalSection(SolutionProperties) = preSolution
		HideSolutionNode = FALSE
	EndGlobalSection
	GlobalSection(ExtensibilityGlobals) = postSolution
		SolutionGuid = {2291F0D0-46E1-41A9-AE80-820EDCE559A3}
	EndGlobalSection
EndGlobal
